
Microsoft Visual Studio Solution File, Format Version 12.00
# Visual Studio Version 17
VisualStudioVersion = 17.11.35312.102
MinimumVisualStudioVersion = 10.0.40219.1
Project("{9A19103F-16F7-4668-BE54-9A1E7A4F7556}") = "ECommerceWebApp", "ECommerceWebApp\ECommerceWebApp.csproj", "{4BCA8E3C-DC89-4015-80E0-8416C4DB211A}"
EndProject
Global
	GlobalSection(SolutionConfigurationPlatforms) = preSolution
		Debug|Any CPU = Debug|Any CPU
		Release|Any CPU = Release|Any CPU
	EndGlobalSection
	GlobalSection(ProjectConfigurationPlatforms) = postSolution
		{4BCA8E3C-DC89-4015-80E0-8416C4DB211A}.Debug|Any CPU.ActiveCfg = Debug|Any CPU
		{4BCA8E3C-DC89-4015-80E0-8416C4DB211A}.Debug|Any CPU.Build.0 = Debug|Any CPU
		{4BCA8E3C-DC89-4015-80E0-8416C4DB211A}.Release|Any CPU.ActiveCfg = Release|Any CPU
		{4BCA8E3C-DC89-4015-80E0-8416C4DB211A}.Release|Any CPU.Build.0 = Release|Any CPU
	EndGlobalSection
	GlobalSection(SolutionProperties) = preSolution
		HideSolutionNode = FALSE
	EndGlobalSection
	GlobalSection(ExtensibilityGlobals) = postSolution
		SolutionGuid = {066B10F0-F07A-436D-8078-FFD4B538147F}
	EndGlobalSection
EndGlobal
